
Microsoft Visual Studio Solution File, Format Version 12.00
# Visual Studio 15
VisualStudioVersion = 15.0.27130.2024
MinimumVisualStudioVersion = 10.0.40219.1
Project("{8BC9CEB8-8B4A-11D0-8D11-00A0C91BC942}") = "CH14_4", "CH14_4.vcxproj", "{21484ADC-AE5A-460C-8965-8EC2753D104B}"
EndProject
Global
	GlobalSection(SolutionConfigurationPlatforms) = preSolution
		Debug|x64 = Debug|x64
		Debug|x86 = Debug|x86
		Release|x64 = Release|x64
		Release|x86 = Release|x86
	EndGlobalSection
	GlobalSection(ProjectConfigurationPlatforms) = postSolution
		{21484ADC-AE5A-460C-8965-8EC2753D104B}.Debug|x64.ActiveCfg = Debug|x64
		{21484ADC-AE5A-460C-8965-8EC2753D104B}.Debug|x64.Build.0 = Debug|x64
		{21484ADC-AE5A-460C-8965-8EC2753D104B}.Debug|x86.ActiveCfg = Debug|Win32
		{21484ADC-AE5A-460C-8965-8EC2753D104B}.Debug|x86.Build.0 = Debug|Win32
		{21484ADC-AE5A-460C-8965-8EC2753D104B}.Release|x64.ActiveCfg = Release|x64
		{21484ADC-AE5A-460C-8965-8EC2753D104B}.Release|x64.Build.0 = Release|x64
		{21484ADC-AE5A-460C-8965-8EC2753D104B}.Release|x86.ActiveCfg = Release|Win32
		{21484ADC-AE5A-460C-8965-8EC2753D104B}.Release|x86.Build.0 = Release|Win32
	EndGlobalSection
	GlobalSection(SolutionProperties) = preSolution
		HideSolutionNode = FALSE
	EndGlobalSection
	GlobalSection(ExtensibilityGlobals) = postSolution
		SolutionGuid = {5B4827AC-5C5C-45B0-B566-2EAA9D59ACE5}
	EndGlobalSection
EndGlobal
